Microsoft Visual Studio Solution File, Format Version 11.00
# Visual Studio 2010
Project("{FAE04EC0-301F-11D3-BF4B-00C04F79EFBC}") = "RuleConversion2.Module", "RuleConversion2.Module\RuleConversion2.Module.csproj", "{20C7D627-F060-4708-8755-49565284EA47}"
EndProject
Project("{FAE04EC0-301F-11D3-BF4B-00C04F79EFBC}") = "RuleConversion2.Win", "RuleConversion2.Win\RuleConversion2.Win.csproj", "{6D1604F8-CEEF-4A14-B001-50AA651CF9D4}"
EndProject
Global
	GlobalSection(SolutionConfigurationPlatforms) = preSolution
		Debug|Any CPU = Debug|Any CPU
		EasyTest|Any CPU = EasyTest|Any CPU
		Release|Any CPU = Release|Any CPU
	EndGlobalSection
	GlobalSection(ProjectConfigurationPlatforms) = postSolution
		{20C7D627-F060-4708-8755-49565284EA47}.Debug|Any CPU.ActiveCfg = Debug|Any CPU
		{20C7D627-F060-4708-8755-49565284EA47}.Debug|Any CPU.Build.0 = Debug|Any CPU
		{20C7D627-F060-4708-8755-49565284EA47}.EasyTest|Any CPU.ActiveCfg = EasyTest|Any CPU
		{20C7D627-F060-4708-8755-49565284EA47}.EasyTest|Any CPU.Build.0 = EasyTest|Any CPU
		{20C7D627-F060-4708-8755-49565284EA47}.Release|Any CPU.ActiveCfg = Release|Any CPU
		{20C7D627-F060-4708-8755-49565284EA47}.Release|Any CPU.Build.0 = Release|Any CPU
		{6D1604F8-CEEF-4A14-B001-50AA651CF9D4}.Debug|Any CPU.ActiveCfg = Debug|Any CPU
		{6D1604F8-CEEF-4A14-B001-50AA651CF9D4}.Debug|Any CPU.Build.0 = Debug|Any CPU
		{6D1604F8-CEEF-4A14-B001-50AA651CF9D4}.EasyTest|Any CPU.ActiveCfg = EasyTest|Any CPU
		{6D1604F8-CEEF-4A14-B001-50AA651CF9D4}.EasyTest|Any CPU.Build.0 = EasyTest|Any CPU
		{6D1604F8-CEEF-4A14-B001-50AA651CF9D4}.Release|Any CPU.ActiveCfg = Release|Any CPU
		{6D1604F8-CEEF-4A14-B001-50AA651CF9D4}.Release|Any CPU.Build.0 = Release|Any CPU
	EndGlobalSection
	GlobalSection(SolutionProperties) = preSolution
		HideSolutionNode = FALSE
	EndGlobalSection
EndGlobal
